
Microsoft Visual Studio Solution File, Format Version 12.00
# Visual Studio 15
VisualStudioVersion = 15.0.26124.0
MinimumVisualStudioVersion = 15.0.26124.0
Project("{FAE04EC0-301F-11D3-BF4B-00C04F79EFBC}") = "api.test", "api.test\api.test.csproj", "{C6BE924D-FF7F-442E-8669-D51383539869}"
EndProject
Project("{FAE04EC0-301F-11D3-BF4B-00C04F79EFBC}") = "boutiq", "boutiqApi\boutiq.csproj", "{D935CACE-A508-4C25-B8EB-91FC14F3D9E2}"
EndProject
Global
	GlobalSection(SolutionConfigurationPlatforms) = preSolution
		Debug|Any CPU = Debug|Any CPU
		Debug|x64 = Debug|x64
		Debug|x86 = Debug|x86
		Release|Any CPU = Release|Any CPU
		Release|x64 = Release|x64
		Release|x86 = Release|x86
	EndGlobalSection
	GlobalSection(SolutionProperties) = preSolution
		HideSolutionNode = FALSE
	EndGlobalSection
	GlobalSection(ProjectConfigurationPlatforms) = postSolution
		{C6BE924D-FF7F-442E-8669-D51383539869}.Debug|Any CPU.ActiveCfg = Debug|Any CPU
		{C6BE924D-FF7F-442E-8669-D51383539869}.Debug|Any CPU.Build.0 = Debug|Any CPU
		{C6BE924D-FF7F-442E-8669-D51383539869}.Debug|x64.ActiveCfg = Debug|Any CPU
		{C6BE924D-FF7F-442E-8669-D51383539869}.Debug|x64.Build.0 = Debug|Any CPU
		{C6BE924D-FF7F-442E-8669-D51383539869}.Debug|x86.ActiveCfg = Debug|Any CPU
		{C6BE924D-FF7F-442E-8669-D51383539869}.Debug|x86.Build.0 = Debug|Any CPU
		{C6BE924D-FF7F-442E-8669-D51383539869}.Release|Any CPU.ActiveCfg = Release|Any CPU
		{C6BE924D-FF7F-442E-8669-D51383539869}.Release|Any CPU.Build.0 = Release|Any CPU
		{C6BE924D-FF7F-442E-8669-D51383539869}.Release|x64.ActiveCfg = Release|Any CPU
		{C6BE924D-FF7F-442E-8669-D51383539869}.Release|x64.Build.0 = Release|Any CPU
		{C6BE924D-FF7F-442E-8669-D51383539869}.Release|x86.ActiveCfg = Release|Any CPU
		{C6BE924D-FF7F-442E-8669-D51383539869}.Release|x86.Build.0 = Release|Any CPU
		{D935CACE-A508-4C25-B8EB-91FC14F3D9E2}.Debug|Any CPU.ActiveCfg = Debug|Any CPU
		{D935CACE-A508-4C25-B8EB-91FC14F3D9E2}.Debug|Any CPU.Build.0 = Debug|Any CPU
		{D935CACE-A508-4C25-B8EB-91FC14F3D9E2}.Debug|x64.ActiveCfg = Debug|Any CPU
		{D935CACE-A508-4C25-B8EB-91FC14F3D9E2}.Debug|x64.Build.0 = Debug|Any CPU
		{D935CACE-A508-4C25-B8EB-91FC14F3D9E2}.Debug|x86.ActiveCfg = Debug|Any CPU
		{D935CACE-A508-4C25-B8EB-91FC14F3D9E2}.Debug|x86.Build.0 = Debug|Any CPU
		{D935CACE-A508-4C25-B8EB-91FC14F3D9E2}.Release|Any CPU.ActiveCfg = Release|Any CPU
		{D935CACE-A508-4C25-B8EB-91FC14F3D9E2}.Release|Any CPU.Build.0 = Release|Any CPU
		{D935CACE-A508-4C25-B8EB-91FC14F3D9E2}.Release|x64.ActiveCfg = Release|Any CPU
		{D935CACE-A508-4C25-B8EB-91FC14F3D9E2}.Release|x64.Build.0 = Release|Any CPU
		{D935CACE-A508-4C25-B8EB-91FC14F3D9E2}.Release|x86.ActiveCfg = Release|Any CPU
		{D935CACE-A508-4C25-B8EB-91FC14F3D9E2}.Release|x86.Build.0 = Release|Any CPU
	EndGlobalSection
EndGlobal
